
Microsoft Visual Studio Solution File, Format Version 12.00
# Visual Studio 2012
Project("{FAE04EC0-301F-11D3-BF4B-00C04F79EFBC}") = "payoff", "payoff\payoff.csproj", "{3CDF42A6-5B6C-4A3E-A8A6-FAA8EAB51914}"
EndProject
Global
	GlobalSection(SolutionConfigurationPlatforms) = preSolution
		Debug|Any CPU = Debug|Any CPU
		Release|Any CPU = Release|Any CPU
	EndGlobalSection
	GlobalSection(ProjectConfigurationPlatforms) = postSolution
		{3CDF42A6-5B6C-4A3E-A8A6-FAA8EAB51914}.Debug|Any CPU.ActiveCfg = Debug|Any CPU
		{3CDF42A6-5B6C-4A3E-A8A6-FAA8EAB51914}.Debug|Any CPU.Build.0 = Debug|Any CPU
		{3CDF42A6-5B6C-4A3E-A8A6-FAA8EAB51914}.Release|Any CPU.ActiveCfg = Release|Any CPU
		{3CDF42A6-5B6C-4A3E-A8A6-FAA8EAB51914}.Release|Any CPU.Build.0 = Release|Any CPU
	EndGlobalSection
	GlobalSection(SolutionProperties) = preSolution
		HideSolutionNode = FALSE
	EndGlobalSection
EndGlobal
